
Microsoft Visual Studio Solution File, Format Version 12.00
# Visual Studio Version 16
VisualStudioVersion = 16.0.31005.135
MinimumVisualStudioVersion = 10.0.40219.1
Project("{FAE04EC0-301F-11D3-BF4B-00C04F79EFBC}") = "sales-system", "sales-system\sales-system.csproj", "{EC8CF6A4-57DB-4F31-8B1C-0024387B980E}"
EndProject
Global
	GlobalSection(SolutionConfigurationPlatforms) = preSolution
		Debug|Any CPU = Debug|Any CPU
		Release|Any CPU = Release|Any CPU
	EndGlobalSection
	GlobalSection(ProjectConfigurationPlatforms) = postSolution
		{EC8CF6A4-57DB-4F31-8B1C-0024387B980E}.Debug|Any CPU.ActiveCfg = Debug|Any CPU
		{EC8CF6A4-57DB-4F31-8B1C-0024387B980E}.Debug|Any CPU.Build.0 = Debug|Any CPU
		{EC8CF6A4-57DB-4F31-8B1C-0024387B980E}.Release|Any CPU.ActiveCfg = Release|Any CPU
		{EC8CF6A4-57DB-4F31-8B1C-0024387B980E}.Release|Any CPU.Build.0 = Release|Any CPU
	EndGlobalSection
	GlobalSection(SolutionProperties) = preSolution
		HideSolutionNode = FALSE
	EndGlobalSection
	GlobalSection(ExtensibilityGlobals) = postSolution
		SolutionGuid = {8B419279-2D04-41EB-859B-C5091AE89EDD}
	EndGlobalSection
EndGlobal
